<?xml version="1.0" encoding="utf-8"?>
<Project ToolsVersion="4.0" xmlns="http://schemas.microsoft.com/developer/msbuild/2003">
  <ItemGroup>
    <ClCompile Include="..\..\..\..\..\Desktop\lab6\e08.cpp" />
  </ItemGroup>
  <ItemGroup>
    <None Include="..\..\..\..\..\Desktop\lab6\glew32.dll" />
    <None Include="..\..\..\..\..\Desktop\lab6\Makefile" />
  </ItemGroup>
  <ItemGroup>
    <Filter Include="NewFilter1">
      <UniqueIdentifier>{7070e702-41d9-4906-bb7e-35af64935490}</UniqueIdentifier>
    </Filter>
  </ItemGroup>
  <ItemGroup>
    <ClInclude Include="Shaders.h" />
  </ItemGroup>
</Project>